// !$*UTF8*$!
{
	archiveVersion = 1;
	classes = {
	};
	objectVersion = 56;
	objects = {

/* Begin PBXBuildFile section */
		C48C46312A7FE09B0062E548 /* AppDelegate.swift in Sources */ = {isa = PBXBuildFile; fileRef = C48C46302A7FE09B0062E548 /* AppDelegate.swift */; };
		C48C46332A7FE09B0062E548 /* SceneDelegate.swift in Sources */ = {isa = PBXBuildFile; fileRef = C48C46322A7FE09B0062E548 /* SceneDelegate.swift */; };
		C48C46352A7FE09B0062E548 /* ViewController.swift in Sources */ = {isa = PBXBuildFile; fileRef = C48C46342A7FE09B0062E548 /* ViewController.swift */; };
		C48C46382A7FE09B0062E548 /* Main.storyboard in Resources */ = {isa = PBXBuildFile; fileRef = C48C46362A7FE09B0062E548 /* Main.storyboard */; };
		C48C463A2A7FE09C0062E548 /* Assets.xcassets in Resources */ = {isa = PBXBuildFile; fileRef = C48C46392A7FE09C0062E548 /* Assets.xcassets */; };
		C48C463D2A7FE09C0062E548 /* LaunchScreen.storyboard in Resources */ = {isa = PBXBuildFile; fileRef = C48C463B2A7FE09C0062E548 /* LaunchScreen.storyboard */; };
		C48C46482A7FE09C0062E548 /* StockAppTests.swift in Sources */ = {isa = PBXBuildFile; fileRef = C48C46472A7FE09C0062E548 /* StockAppTests.swift */; };
		C48C46522A7FE09C0062E548 /* StockAppUITests.swift in Sources */ = {isa = PBXBuildFile; fileRef = C48C46512A7FE09C0062E548 /* StockAppUITests.swift */; };
		C48C46542A7FE09C0062E548 /* StockAppUITestsLaunchTests.swift in Sources */ = {isa = PBXBuildFile; fileRef = C48C46532A7FE09C0062E548 /* StockAppUITestsLaunchTests.swift */; };
/* End PBXBuildFile section */

/* Begin PBXContainerItemProxy section */
		C48C46442A7FE09C0062E548 /* PBXContainerItemProxy */ = {
			isa = PBXContainerItemProxy;
			containerPortal = C48C46252A7FE09B0062E548 /* Project object */;
			proxyType = 1;
			remoteGlobalIDString = C48C462C2A7FE09B0062E548;
			remoteInfo = StockApp;
		};
		C48C464E2A7FE09C0062E548 /* PBXContainerItemProxy */ = {
			isa = PBXContainerItemProxy;
			containerPortal = C48C46252A7FE09B0062E548 /* Project object */;
			proxyType = 1;
			remoteGlobalIDString = C48C462C2A7FE09B0062E548;
			remoteInfo = StockApp;
		};
/* End PBXContainerItemProxy section */

/* Begin PBXFileReference section */
		C48C462D2A7FE09B0062E548 /* StockApp.app */ = {isa = PBXFileReference; explicitFileType = wrapper.application; includeInIndex = 0; path = StockApp.app; sourceTree = BUILT_PRODUCTS_DIR; };
		C48C46302A7FE09B0062E548 /* AppDelegate.swift */ = {isa = PBXFileReference; lastKnownFileType = sourcecode.swift; path = AppDelegate.swift; sourceTree = "<group>"; };
		C48C46322A7FE09B0062E548 /* SceneDelegate.swift */ = {isa = PBXFileReference; lastKnownFileType = sourcecode.swift; path = SceneDelegate.swift; sourceTree = "<group>"; };
		C48C46342A7FE09B0062E548 /* ViewController.swift */ = {isa = PBXFileReference; lastKnownFileType = sourcecode.swift; path = ViewController.swift; sourceTree = "<group>"; };
		C48C46372A7FE09B0062E548 /* Base */ = {isa = PBXFileReference; lastKnownFileType = file.storyboard; name = Base; path = Base.lproj/Main.storyboard; sourceTree = "<group>"; };
		C48C46392A7FE09C0062E548 /* Assets.xcassets */ = {isa = PBXFileReference; lastKnownFileType = folder.assetcatalog; path = Assets.xcassets; sourceTree = "<group>"; };
		C48C463C2A7FE09C0062E548 /* Base */ = {isa = PBXFileReference; lastKnownFileType = file.storyboard; name = Base; path = Base.lproj/LaunchScreen.storyboard; sourceTree = "<group>"; };
		C48C463E2A7FE09C0062E548 /* Info.plist */ = {isa = PBXFileReference; lastKnownFileType = text.plist.xml; path = Info.plist; sourceTree = "<group>"; };
		C48C46432A7FE09C0062E548 /* StockAppTests.xctest */ = {isa = PBXFileReference; explicitFileType = wrapper.cfbundle; includeInIndex = 0; path = StockAppTests.xctest; sourceTree = BUILT_PRODUCTS_DIR; };
		C48C46472A7FE09C0062E548 /* StockAppTests.swift */ = {isa = PBXFileReference; lastKnownFileType = sourcecode.swift; path = StockAppTests.swift; sourceTree = "<group>"; };
		C48C464D2A7FE09C0062E548 /* StockAppUITests.xctest */ = {isa = PBXFileReference; explicitFileType = wrapper.cfbundle; includeInIndex = 0; path = StockAppUITests.xctest; sourceTree = BUILT_PRODUCTS_DIR; };
		C48C46512A7FE09C0062E548 /* StockAppUITests.swift */ = {isa = PBXFileReference; lastKnownFileType = sourcecode.swift; path = StockAppUITests.swift; sourceTree = "<group>"; };
		C48C46532A7FE09C0062E548 /* StockAppUITestsLaunchTests.swift */ = {isa = PBXFileReference; lastKnownFileType = sourcecode.swift; path = StockAppUITestsLaunchTests.swift; sourceTree = "<group>"; };
/* End PBXFileReference section */

/* Begin PBXFrameworksBuildPhase section */
		C48C462A2A7FE09B0062E548 /* Frameworks */ = {
			isa = PBXFrameworksBuildPhase;
			buildActionMask = 2147483647;
			files = (
			);
			runOnlyForDeploymentPostprocessing = 0;
		};
		C48C46402A7FE09C0062E548 /* Frameworks */ = {
			isa = PBXFrameworksBuildPhase;
			buildActionMask = 2147483647;
			files = (
			);
			runOnlyForDeploymentPostprocessing = 0;
		};
		C48C464A2A7FE09C0062E548 /* Frameworks */ = {
			isa = PBXFrameworksBuildPhase;
			buildActionMask = 2147483647;
			files = (
			);
			runOnlyForDeploymentPostprocessing = 0;
		};
/* End PBXFrameworksBuildPhase section */

/* Begin PBXGroup section */
		C48C46242A7FE09B0062E548 = {
			isa = PBXGroup;
			children = (
				C48C462F2A7FE09B0062E548 /* StockApp */,
				C48C46462A7FE09C0062E548 /* StockAppTests */,
				C48C46502A7FE09C0062E548 /* StockAppUITests */,
				C48C462E2A7FE09B0062E548 /* Products */,
			);
			sourceTree = "<group>";
		};
		C48C462E2A7FE09B0062E548 /* Products */ = {
			isa = PBXGroup;
			children = (
				C48C462D2A7FE09B0062E548 /* StockApp.app */,
				C48C46432A7FE09C0062E548 /* StockAppTests.xctest */,
				C48C464D2A7FE09C0062E548 /* StockAppUITests.xctest */,
			);
			name = Products;
			sourceTree = "<group>";
		};
		C48C462F2A7FE09B0062E548 /* StockApp */ = {
			isa = PBXGroup;
			children = (
				C48C46302A7FE09B0062E548 /* AppDelegate.swift */,
				C48C46322A7FE09B0062E548 /* SceneDelegate.swift */,
				C48C46342A7FE09B0062E548 /* ViewController.swift */,
				C48C46362A7FE09B0062E548 /* Main.storyboard */,
				C48C46392A7FE09C0062E548 /* Assets.xcassets */,
				C48C463B2A7FE09C0062E548 /* LaunchScreen.storyboard */,
				C48C463E2A7FE09C0062E548 /* Info.plist */,
			);
			path = StockApp;
			sourceTree = "<group>";
		};
		C48C46462A7FE09C0062E548 /* StockAppTests */ = {
			isa = PBXGroup;
			children = (
				C48C46472A7FE09C0062E548 /* StockAppTests.swift */,
			);
			path = StockAppTests;
			sourceTree = "<group>";
		};
		C48C46502A7FE09C0062E548 /* StockAppUITests */ = {
			isa = PBXGroup;
			children = (
				C48C46512A7FE09C0062E548 /* StockAppUITests.swift */,
				C48C46532A7FE09C0062E548 /* StockAppUITestsLaunchTests.swift */,
			);
			path = StockAppUITests;
			sourceTree = "<group>";
		};
/* End PBXGroup section */

/* Begin PBXNativeTarget section */
		C48C462C2A7FE09B0062E548 /* StockApp */ = {
			isa = PBXNativeTarget;
			buildConfigurationList = C48C46572A7FE09C0062E548 /* Build configuration list for PBXNativeTarget "StockApp" */;
			buildPhases = (
				C48C46292A7FE09B0062E548 /* Sources */,
				C48C462A2A7FE09B0062E548 /* Frameworks */,
				C48C462B2A7FE09B0062E548 /* Resources */,
			);
			buildRules = (
			);
			dependencies = (
			);
			name = StockApp;
			productName = StockApp;
			productReference = C48C462D2A7FE09B0062E548 /* StockApp.app */;
			productType = "com.apple.product-type.application";
		};
		C48C46422A7FE09C0062E548 /* StockAppTests */ = {
			isa = PBXNativeTarget;
			buildConfigurationList = C48C465A2A7FE09C0062E548 /* Build configuration list for PBXNativeTarget "StockAppTests" */;
			buildPhases = (
				C48C463F2A7FE09C0062E548 /* Sources */,
				C48C46402A7FE09C0062E548 /* Frameworks */,
				C48C46412A7FE09C0062E548 /* Resources */,
			);
			buildRules = (
			);
			dependencies = (
				C48C46452A7FE09C0062E548 /* PBXTargetDependency */,
			);
			name = StockAppTests;
			productName = StockAppTests;
			productReference = C48C46432A7FE09C0062E548 /* StockAppTests.xctest */;
			productType = "com.apple.product-type.bundle.unit-test";
		};
		C48C464C2A7FE09C0062E548 /* StockAppUITests */ = {
			isa = PBXNativeTarget;
			buildConfigurationList = C48C465D2A7FE09C0062E548 /* Build configuration list for PBXNativeTarget "StockAppUITests" */;
			buildPhases = (
				C48C46492A7FE09C0062E548 /* Sources */,
				C48C464A2A7FE09C0062E548 /* Frameworks */,
				C48C464B2A7FE09C0062E548 /* Resources */,
			);
			buildRules = (
			);
			dependencies = (
				C48C464F2A7FE09C0062E548 /* PBXTargetDependency */,
			);
			name = StockAppUITests;
			productName = StockAppUITests;
			productReference = C48C464D2A7FE09C0062E548 /* StockAppUITests.xctest */;
			productType = "com.apple.product-type.bundle.ui-testing";
		};
/* End PBXNativeTarget section */

/* Begin PBXProject section */
		C48C46252A7FE09B0062E548 /* Project object */ = {
			isa = PBXProject;
			attributes = {
				BuildIndependentTargetsInParallel = 1;
				LastSwiftUpdateCheck = 1430;
				LastUpgradeCheck = 1430;
				TargetAttributes = {
					C48C462C2A7FE09B0062E548 = {
						CreatedOnToolsVersion = 14.3.1;
					};
					C48C46422A7FE09C0062E548 = {
						CreatedOnToolsVersion = 14.3.1;
						TestTargetID = C48C462C2A7FE09B0062E548;
					};
					C48C464C2A7FE09C0062E548 = {
						CreatedOnToolsVersion = 14.3.1;
						TestTargetID = C48C462C2A7FE09B0062E548;
					};
				};
			};
			buildConfigurationList = C48C46282A7FE09B0062E548 /* Build configuration list for PBXProject "StockApp" */;
			compatibilityVersion = "Xcode 14.0";
			developmentRegion = en;
			hasScannedForEncodings = 0;
			knownRegions = (
				en,
				Base,
			);
			mainGroup = C48C46242A7FE09B0062E548;
			productRefGroup = C48C462E2A7FE09B0062E548 /* Products */;
			projectDirPath = "";
			projectRoot = "";
			targets = (
				C48C462C2A7FE09B0062E548 /* StockApp */,
				C48C46422A7FE09C0062E548 /* StockAppTests */,
				C48C464C2A7FE09C0062E548 /* StockAppUITests */,
			);
		};
/* End PBXProject section */

/* Begin PBXResourcesBuildPhase section */
		C48C462B2A7FE09B0062E548 /* Resources */ = {
			isa = PBXResourcesBuildPhase;
			buildActionMask = 2147483647;
			files = (
				C48C463D2A7FE09C0062E548 /* LaunchScreen.storyboard in Resources */,
				C48C463A2A7FE09C0062E548 /* Assets.xcassets in Resources */,
				C48C46382A7FE09B0062E548 /* Main.storyboard in Resources */,
			);
			runOnlyForDeploymentPostprocessing = 0;
		};
		C48C46412A7FE09C0062E548 /* Resources */ = {
			isa = PBXResourcesBuildPhase;
			buildActionMask = 2147483647;
			files = (
			);
			runOnlyForDeploymentPostprocessing = 0;
		};
		C48C464B2A7FE09C0062E548 /* Resources */ = {
			isa = PBXResourcesBuildPhase;
			buildActionMask = 2147483647;
			files = (
			);
			runOnlyForDeploymentPostprocessing = 0;
		};
/* End PBXResourcesBuildPhase section */

/* Begin PBXSourcesBuildPhase section */
		C48C46292A7FE09B0062E548 /* Sources */ = {
			isa = PBXSourcesBuildPhase;
			buildActionMask = 2147483647;
			files = (
				C48C46352A7FE09B0062E548 /* ViewController.swift in Sources */,
				C48C46312A7FE09B0062E548 /* AppDelegate.swift in Sources */,
				C48C46332A7FE09B0062E548 /* SceneDelegate.swift in Sources */,
			);
			runOnlyForDeploymentPostprocessing = 0;
		};
		C48C463F2A7FE09C0062E548 /* Sources */ = {
			isa = PBXSourcesBuildPhase;
			buildActionMask = 2147483647;
			files = (
				C48C46482A7FE09C0062E548 /* StockAppTests.swift in Sources */,
			);
			runOnlyForDeploymentPostprocessing = 0;
		};
		C48C46492A7FE09C0062E548 /* Sources */ = {
			isa = PBXSourcesBuildPhase;
			buildActionMask = 2147483647;
			files = (
				C48C46542A7FE09C0062E548 /* StockAppUITestsLaunchTests.swift in Sources */,
				C48C46522A7FE09C0062E548 /* StockAppUITests.swift in Sources */,
			);
			runOnlyForDeploymentPostprocessing = 0;
		};
/* End PBXSourcesBuildPhase section */

/* Begin PBXTargetDependency section */
		C48C46452A7FE09C0062E548 /* PBXTargetDependency */ = {
			isa = PBXTargetDependency;
			target = C48C462C2A7FE09B0062E548 /* StockApp */;
			targetProxy = C48C46442A7FE09C0062E548 /* PBXContainerItemProxy */;
		};
		C48C464F2A7FE09C0062E548 /* PBXTargetDependency */ = {
			isa = PBXTargetDependency;
			target = C48C462C2A7FE09B0062E548 /* StockApp */;
			targetProxy = C48C464E2A7FE09C0062E548 /* PBXContainerItemProxy */;
		};
/* End PBXTargetDependency section */

/* Begin PBXVariantGroup section */
		C48C46362A7FE09B0062E548 /* Main.storyboard */ = {
			isa = PBXVariantGroup;
			children = (
				C48C46372A7FE09B0062E548 /* Base */,
			);
			name = Main.storyboard;
			sourceTree = "<group>";
		};
		C48C463B2A7FE09C0062E548 /* LaunchScreen.storyboard */ = {
			isa = PBXVariantGroup;
			children = (
				C48C463C2A7FE09C0062E548 /* Base */,
			);
			name = LaunchScreen.storyboard;
			sourceTree = "<group>";
		};
/* End PBXVariantGroup section */

/* Begin XCBuildConfiguration section */
		C48C46552A7FE09C0062E548 /* Debug */ = {
			isa = XCBuildConfiguration;
			buildSettings = {
				ALWAYS_SEARCH_USER_PATHS = NO;
				CLANG_ANALYZER_NONNULL = YES;
				CLANG_ANALYZER_NUMBER_OBJECT_CONVERSION = YES_AGGRESSIVE;
				CLANG_CXX_LANGUAGE_STANDARD = "gnu++20";
				CLANG_ENABLE_MODULES = YES;
				CLANG_ENABLE_OBJC_ARC = YES;
				CLANG_ENABLE_OBJC_WEAK = YES;
				CLANG_WARN_BLOCK_CAPTURE_AUTORELEASING = YES;
				CLANG_WARN_BOOL_CONVERSION = YES;
				CLANG_WARN_COMMA = YES;
				CLANG_WARN_CONSTANT_CONVERSION = YES;
				CLANG_WARN_DEPRECATED_OBJC_IMPLEMENTATIONS = YES;
				CLANG_WARN_DIRECT_OBJC_ISA_USAGE = YES_ERROR;
				CLANG_WARN_DOCUMENTATION_COMMENTS = YES;
				CLANG_WARN_EMPTY_BODY = YES;
				CLANG_WARN_ENUM_CONVERSION = YES;
				CLANG_WARN_INFINITE_RECURSION = YES;
				CLANG_WARN_INT_CONVERSION = YES;
				CLANG_WARN_NON_LITERAL_NULL_CONVERSION = YES;
				CLANG_WARN_OBJC_IMPLICIT_RETAIN_SELF = YES;
				CLANG_WARN_OBJC_LITERAL_CONVERSION = YES;
				CLANG_WARN_OBJC_ROOT_CLASS = YES_ERROR;
				CLANG_WARN_QUOTED_INCLUDE_IN_FRAMEWORK_HEADER = YES;
				CLANG_WARN_RANGE_LOOP_ANALYSIS = YES;
				CLANG_WARN_STRICT_PROTOTYPES = YES;
				CLANG_WARN_SUSPICIOUS_MOVE = YES;
				CLANG_WARN_UNGUARDED_AVAILABILITY = YES_AGGRESSIVE;
				CLANG_WARN_UNREACHABLE_CODE = YES;
				CLANG_WARN__DUPLICATE_METHOD_MATCH = YES;
				COPY_PHASE_STRIP = NO;
				DEBUG_INFORMATION_FORMAT = dwarf;
				ENABLE_STRICT_OBJC_MSGSEND = YES;
				ENABLE_TESTABILITY = YES;
				GCC_C_LANGUAGE_STANDARD = gnu11;
				GCC_DYNAMIC_NO_PIC = NO;
				GCC_NO_COMMON_BLOCKS = YES;
				GCC_OPTIMIZATION_LEVEL = 0;
				GCC_PREPROCESSOR_DEFINITIONS = (
					"DEBUG=1",
					"$(inherited)",
				);
				GCC_WARN_64_TO_32_BIT_CONVERSION = YES;
				GCC_WARN_ABOUT_RETURN_TYPE = YES_ERROR;
				GCC_WARN_UNDECLARED_SELECTOR = YES;
				GCC_WARN_UNINITIALIZED_AUTOS = YES_AGGRESSIVE;
				GCC_WARN_UNUSED_FUNCTION = YES;
				GCC_WARN_UNUSED_VARIABLE = YES;
				IPHONEOS_DEPLOYMENT_TARGET = 16.4;
				MTL_ENABLE_DEBUG_INFO = INCLUDE_SOURCE;
				MTL_FAST_MATH = YES;
				ONLY_ACTIVE_ARCH = YES;
				SDKROOT = iphoneos;
				SWIFT_ACTIVE_COMPILATION_CONDITIONS = DEBUG;
				SWIFT_OPTIMIZATION_LEVEL = "-Onone";
			};
			name = Debug;
		};
		C48C46562A7FE09C0062E548 /* Release */ = {
			isa = XCBuildConfiguration;
			buildSettings = {
				ALWAYS_SEARCH_USER_PATHS = NO;
				CLANG_ANALYZER_NONNULL = YES;
				CLANG_ANALYZER_NUMBER_OBJECT_CONVERSION = YES_AGGRESSIVE;
				CLANG_CXX_LANGUAGE_STANDARD = "gnu++20";
				CLANG_ENABLE_MODULES = YES;
				CLANG_ENABLE_OBJC_ARC = YES;
				CLANG_ENABLE_OBJC_WEAK = YES;
				CLANG_WARN_BLOCK_CAPTURE_AUTORELEASING = YES;
				CLANG_WARN_BOOL_CONVERSION = YES;
				CLANG_WARN_COMMA = YES;
				CLANG_WARN_CONSTANT_CONVERSION = YES;
				CLANG_WARN_DEPRECATED_OBJC_IMPLEMENTATIONS = YES;
				CLANG_WARN_DIRECT_OBJC_ISA_USAGE = YES_ERROR;
				CLANG_WARN_DOCUMENTATION_COMMENTS = YES;
				CLANG_WARN_EMPTY_BODY = YES;
				CLANG_WARN_ENUM_CONVERSION = YES;
				CLANG_WARN_INFINITE_RECURSION = YES;
				CLANG_WARN_INT_CONVERSION = YES;
				CLANG_WARN_NON_LITERAL_NULL_CONVERSION = YES;
				CLANG_WARN_OBJC_IMPLICIT_RETAIN_SELF = YES;
				CLANG_WARN_OBJC_LITERAL_CONVERSION = YES;
				CLANG_WARN_OBJC_ROOT_CLASS = YES_ERROR;
				CLANG_WARN_QUOTED_INCLUDE_IN_FRAMEWORK_HEADER = YES;
				CLANG_WARN_RANGE_LOOP_ANALYSIS = YES;
				CLANG_WARN_STRICT_PROTOTYPES = YES;
				CLANG_WARN_SUSPICIOUS_MOVE = YES;
				CLANG_WARN_UNGUARDED_AVAILABILITY = YES_AGGRESSIVE;
				CLANG_WARN_UNREACHABLE_CODE = YES;
				CLANG_WARN__DUPLICATE_METHOD_MATCH = YES;
				COPY_PHASE_STRIP = NO;
				DEBUG_INFORMATION_FORMAT = "dwarf-with-dsym";
				ENABLE_NS_ASSERTIONS = NO;
				ENABLE_STRICT_OBJC_MSGSEND = YES;
				GCC_C_LANGUAGE_STANDARD = gnu11;
				GCC_NO_COMMON_BLOCKS = YES;
				GCC_WARN_64_TO_32_BIT_CONVERSION = YES;
				GCC_WARN_ABOUT_RETURN_TYPE = YES_ERROR;
				GCC_WARN_UNDECLARED_SELECTOR = YES;
				GCC_WARN_UNINITIALIZED_AUTOS = YES_AGGRESSIVE;
				GCC_WARN_UNUSED_FUNCTION = YES;
				GCC_WARN_UNUSED_VARIABLE = YES;
				IPHONEOS_DEPLOYMENT_TARGET = 16.4;
				MTL_ENABLE_DEBUG_INFO = NO;
				MTL_FAST_MATH = YES;
				SDKROOT = iphoneos;
				SWIFT_COMPILATION_MODE = wholemodule;
				SWIFT_OPTIMIZATION_LEVEL = "-O";
				VALIDATE_PRODUCT = YES;
			};
			name = Release;
		};
		C48C46582A7FE09C0062E548 /* Debug */ = {
			isa = XCBuildConfiguration;
			buildSettings = {
				ASSETCATALOG_COMPILER_APPICON_NAME = AppIcon;
				ASSETCATALOG_COMPILER_GLOBAL_ACCENT_COLOR_NAME = AccentColor;
				CODE_SIGN_STYLE = Automatic;
				CURRENT_PROJECT_VERSION = 1;
				DEVELOPMENT_TEAM = HTV6C859K7;
				GENERATE_INFOPLIST_FILE = YES;
				INFOPLIST_FILE = StockApp/Info.plist;
				INFOPLIST_KEY_UIApplicationSupportsIndirectInputEvents = YES;
				INFOPLIST_KEY_UILaunchStoryboardName = LaunchScreen;
				INFOPLIST_KEY_UIMainStoryboardFile = Main;
				INFOPLIST_KEY_UISupportedInterfaceOrientations_iPad = "UIInterfaceOrientationPortrait UIInterfaceOrientationPortraitUpsideDown UIInterfaceOrientationLandscapeLeft UIInterfaceOrientationLandscapeRight";
				INFOPLIST_KEY_UISupportedInterfaceOrientations_iPhone = "UIInterfaceOrientationPortrait UIInterfaceOrientationLandscapeLeft UIInterfaceOrientationLandscapeRight";
				LD_RUNPATH_SEARCH_PATHS = (
					"$(inherited)",
					"@executable_path/Frameworks",
				);
				MARKETING_VERSION = 1.0;
				PRODUCT_BUNDLE_IDENTIFIER = com.idoo.StockApp;
				PRODUCT_NAME = "$(TARGET_NAME)";
				SWIFT_EMIT_LOC_STRINGS = YES;
				SWIFT_VERSION = 5.0;
				TARGETED_DEVICE_FAMILY = "1,2";
			};
			name = Debug;
		};
		C48C46592A7FE09C0062E548 /* Release */ = {
			isa = XCBuildConfiguration;
			buildSettings = {
				ASSETCATALOG_COMPILER_APPICON_NAME = AppIcon;
				ASSETCATALOG_COMPILER_GLOBAL_ACCENT_COLOR_NAME = AccentColor;
				CODE_SIGN_STYLE = Automatic;
				CURRENT_PROJECT_VERSION = 1;
				DEVELOPMENT_TEAM = HTV6C859K7;
				GENERATE_INFOPLIST_FILE = YES;
				INFOPLIST_FILE = StockApp/Info.plist;
				INFOPLIST_KEY_UIApplicationSupportsIndirectInputEvents = YES;
				INFOPLIST_KEY_UILaunchStoryboardName = LaunchScreen;
				INFOPLIST_KEY_UIMainStoryboardFile = Main;
				INFOPLIST_KEY_UISupportedInterfaceOrientations_iPad = "UIInterfaceOrientationPortrait UIInterfaceOrientationPortraitUpsideDown UIInterfaceOrientationLandscapeLeft UIInterfaceOrientationLandscapeRight";
				INFOPLIST_KEY_UISupportedInterfaceOrientations_iPhone = "UIInterfaceOrientationPortrait UIInterfaceOrientationLandscapeLeft UIInterfaceOrientationLandscapeRight";
				LD_RUNPATH_SEARCH_PATHS = (
					"$(inherited)",
					"@executable_path/Frameworks",
				);
				MARKETING_VERSION = 1.0;
				PRODUCT_BUNDLE_IDENTIFIER = com.idoo.StockApp;
				PRODUCT_NAME = "$(TARGET_NAME)";
				SWIFT_EMIT_LOC_STRINGS = YES;
				SWIFT_VERSION = 5.0;
				TARGETED_DEVICE_FAMILY = "1,2";
			};
			name = Release;
		};
		C48C465B2A7FE09C0062E548 /* Debug */ = {
			isa = XCBuildConfiguration;
			buildSettings = {
				ALWAYS_EMBED_SWIFT_STANDARD_LIBRARIES = YES;
				BUNDLE_LOADER = "$(TEST_HOST)";
				CODE_SIGN_STYLE = Automatic;
				CURRENT_PROJECT_VERSION = 1;
				DEVELOPMENT_TEAM = HTV6C859K7;
				GENERATE_INFOPLIST_FILE = YES;
				IPHONEOS_DEPLOYMENT_TARGET = 16.4;
				MARKETING_VERSION = 1.0;
				PRODUCT_BUNDLE_IDENTIFIER = com.idoo.StockAppTests;
				PRODUCT_NAME = "$(TARGET_NAME)";
				SWIFT_EMIT_LOC_STRINGS = NO;
				SWIFT_VERSION = 5.0;
				TARGETED_DEVICE_FAMILY = "1,2";
				TEST_HOST = "$(BUILT_PRODUCTS_DIR)/StockApp.app/$(BUNDLE_EXECUTABLE_FOLDER_PATH)/StockApp";
			};
			name = Debug;
		};
		C48C465C2A7FE09C0062E548 /* Release */ = {
			isa = XCBuildConfiguration;
			buildSettings = {
				ALWAYS_EMBED_SWIFT_STANDARD_LIBRARIES = YES;
				BUNDLE_LOADER = "$(TEST_HOST)";
				CODE_SIGN_STYLE = Automatic;
				CURRENT_PROJECT_VERSION = 1;
				DEVELOPMENT_TEAM = HTV6C859K7;
				GENERATE_INFOPLIST_FILE = YES;
				IPHONEOS_DEPLOYMENT_TARGET = 16.4;
				MARKETING_VERSION = 1.0;
				PRODUCT_BUNDLE_IDENTIFIER = com.idoo.StockAppTests;
				PRODUCT_NAME = "$(TARGET_NAME)";
				SWIFT_EMIT_LOC_STRINGS = NO;
				SWIFT_VERSION = 5.0;
				TARGETED_DEVICE_FAMILY = "1,2";
				TEST_HOST = "$(BUILT_PRODUCTS_DIR)/StockApp.app/$(BUNDLE_EXECUTABLE_FOLDER_PATH)/StockApp";
			};
			name = Release;
		};
		C48C465E2A7FE09C0062E548 /* Debug */ = {
			isa = XCBuildConfiguration;
			buildSettings = {
				ALWAYS_EMBED_SWIFT_STANDARD_LIBRARIES = YES;
				CODE_SIGN_STYLE = Automatic;
				CURRENT_PROJECT_VERSION = 1;
				DEVELOPMENT_TEAM = HTV6C859K7;
				GENERATE_INFOPLIST_FILE = YES;
				MARKETING_VERSION = 1.0;
				PRODUCT_BUNDLE_IDENTIFIER = com.idoo.StockAppUITests;
				PRODUCT_NAME = "$(TARGET_NAME)";
				SWIFT_EMIT_LOC_STRINGS = NO;
				SWIFT_VERSION = 5.0;
				TARGETED_DEVICE_FAMILY = "1,2";
				TEST_TARGET_NAME = StockApp;
			};
			name = Debug;
		};
		C48C465F2A7FE09C0062E548 /* Release */ = {
			isa = XCBuildConfiguration;
			buildSettings = {
				ALWAYS_EMBED_SWIFT_STANDARD_LIBRARIES = YES;
				CODE_SIGN_STYLE = Automatic;
				CURRENT_PROJECT_VERSION = 1;
				DEVELOPMENT_TEAM = HTV6C859K7;
				GENERATE_INFOPLIST_FILE = YES;
				MARKETING_VERSION = 1.0;
				PRODUCT_BUNDLE_IDENTIFIER = com.idoo.StockAppUITests;
				PRODUCT_NAME = "$(TARGET_NAME)";
				SWIFT_EMIT_LOC_STRINGS = NO;
				SWIFT_VERSION = 5.0;
				TARGETED_DEVICE_FAMILY = "1,2";
				TEST_TARGET_NAME = StockApp;
			};
			name = Release;
		};
/* End XCBuildConfiguration section */

/* Begin XCConfigurationList section */
		C48C46282A7FE09B0062E548 /* Build configuration list for PBXProject "StockApp" */ = {
			isa = XCConfigurationList;
			buildConfigurations = (
				C48C46552A7FE09C0062E548 /* Debug */,
				C48C46562A7FE09C0062E548 /* Release */,
			);
			defaultConfigurationIsVisible = 0;
			defaultConfigurationName = Release;
		};
		C48C46572A7FE09C0062E548 /* Build configuration list for PBXNativeTarget "StockApp" */ = {
			isa = XCConfigurationList;
			buildConfigurations = (
				C48C46582A7FE09C0062E548 /* Debug */,
				C48C46592A7FE09C0062E548 /* Release */,
			);
			defaultConfigurationIsVisible = 0;
			defaultConfigurationName = Release;
		};
		C48C465A2A7FE09C0062E548 /* Build configuration list for PBXNativeTarget "StockAppTests" */ = {
			isa = XCConfigurationList;
			buildConfigurations = (
				C48C465B2A7FE09C0062E548 /* Debug */,
				C48C465C2A7FE09C0062E548 /* Release */,
			);
			defaultConfigurationIsVisible = 0;
			defaultConfigurationName = Release;
		};
		C48C465D2A7FE09C0062E548 /* Build configuration list for PBXNativeTarget "StockAppUITests" */ = {
			isa = XCConfigurationList;
			buildConfigurations = (
				C48C465E2A7FE09C0062E548 /* Debug */,
				C48C465F2A7FE09C0062E548 /* Release */,
			);
			defaultConfigurationIsVisible = 0;
			defaultConfigurationName = Release;
		};
/* End XCConfigurationList section */
	};
	rootObject = C48C46252A7FE09B0062E548 /* Project object */;
}
